
Microsoft Visual Studio Solution File, Format Version 12.00
# Visual Studio 15
VisualStudioVersion = 15.0.26228.12
MinimumVisualStudioVersion = 10.0.40219.1
Project("{FAE04EC0-301F-11D3-BF4B-00C04F79EFBC}") = "SimpleSample.uap", "UAP\SimpleSample.uap.csproj", "{16DE7EC1-EDB4-4C29-9598-487A0D211D99}"
EndProject
Global
	GlobalSection(SolutionConfigurationPlatforms) = preSolution
		Debug|ARM = Debug|ARM
		Debug|Win32 = Debug|Win32
		Debug|x64 = Debug|x64
		Release|ARM = Release|ARM
		Release|Win32 = Release|Win32
		Release|x64 = Release|x64
	EndGlobalSection
	GlobalSection(ProjectConfigurationPlatforms) = postSolution
		{16DE7EC1-EDB4-4C29-9598-487A0D211D99}.Debug|ARM.ActiveCfg = Debug|ARM
		{16DE7EC1-EDB4-4C29-9598-487A0D211D99}.Debug|ARM.Build.0 = Debug|ARM
		{16DE7EC1-EDB4-4C29-9598-487A0D211D99}.Debug|ARM.Deploy.0 = Debug|ARM
		{16DE7EC1-EDB4-4C29-9598-487A0D211D99}.Debug|Win32.ActiveCfg = Debug|Win32
		{16DE7EC1-EDB4-4C29-9598-487A0D211D99}.Debug|Win32.Build.0 = Debug|Win32
		{16DE7EC1-EDB4-4C29-9598-487A0D211D99}.Debug|Win32.Deploy.0 = Debug|Win32
		{16DE7EC1-EDB4-4C29-9598-487A0D211D99}.Debug|x64.ActiveCfg = Debug|x64
		{16DE7EC1-EDB4-4C29-9598-487A0D211D99}.Debug|x64.Build.0 = Debug|x64
		{16DE7EC1-EDB4-4C29-9598-487A0D211D99}.Debug|x64.Deploy.0 = Debug|x64
		{16DE7EC1-EDB4-4C29-9598-487A0D211D99}.Release|ARM.ActiveCfg = Release|ARM
		{16DE7EC1-EDB4-4C29-9598-487A0D211D99}.Release|ARM.Build.0 = Release|ARM
		{16DE7EC1-EDB4-4C29-9598-487A0D211D99}.Release|ARM.Deploy.0 = Release|ARM
		{16DE7EC1-EDB4-4C29-9598-487A0D211D99}.Release|Win32.ActiveCfg = Release|Win32
		{16DE7EC1-EDB4-4C29-9598-487A0D211D99}.Release|Win32.Build.0 = Release|Win32
		{16DE7EC1-EDB4-4C29-9598-487A0D211D99}.Release|Win32.Deploy.0 = Release|Win32
		{16DE7EC1-EDB4-4C29-9598-487A0D211D99}.Release|x64.ActiveCfg = Release|x64
		{16DE7EC1-EDB4-4C29-9598-487A0D211D99}.Release|x64.Build.0 = Release|x64
		{16DE7EC1-EDB4-4C29-9598-487A0D211D99}.Release|x64.Deploy.0 = Release|x64
	EndGlobalSection
	GlobalSection(SolutionProperties) = preSolution
		HideSolutionNode = FALSE
	EndGlobalSection
EndGlobal
