
Microsoft Visual Studio Solution File, Format Version 12.00
# Visual Studio Version 17
VisualStudioVersion = 17.4.33213.308
MinimumVisualStudioVersion = 10.0.40219.1
Project("{9A19103F-16F7-4668-BE54-9A1E7A4F7556}") = "SimpleSample", "SimpleSample\SimpleSample.csproj", "{8FF318BC-ACCA-4787-AE40-687EC5059613}"
EndProject
Project("{8BC9CEB8-8B4A-11D0-8D11-00A0C91BC942}") = "SimpleSampleCPP", "SimpleSampleCPP\SimpleSampleCPP.vcxproj", "{051B5587-2092-4EC6-8B10-E35D01C2E2EC}"
EndProject
Global
	GlobalSection(SolutionConfigurationPlatforms) = preSolution
		Debug|ARM64 = Debug|ARM64
		Debug|x64 = Debug|x64
		Debug|x86 = Debug|x86
		Release|ARM64 = Release|ARM64
		Release|x64 = Release|x64
		Release|x86 = Release|x86
	EndGlobalSection
	GlobalSection(ProjectConfigurationPlatforms) = postSolution
		{8FF318BC-ACCA-4787-AE40-687EC5059613}.Debug|ARM64.ActiveCfg = Debug|ARM64
		{8FF318BC-ACCA-4787-AE40-687EC5059613}.Debug|ARM64.Build.0 = Debug|ARM64
		{8FF318BC-ACCA-4787-AE40-687EC5059613}.Debug|ARM64.Deploy.0 = Debug|ARM64
		{8FF318BC-ACCA-4787-AE40-687EC5059613}.Debug|x64.ActiveCfg = Debug|x64
		{8FF318BC-ACCA-4787-AE40-687EC5059613}.Debug|x64.Build.0 = Debug|x64
		{8FF318BC-ACCA-4787-AE40-687EC5059613}.Debug|x64.Deploy.0 = Debug|x64
		{8FF318BC-ACCA-4787-AE40-687EC5059613}.Debug|x86.ActiveCfg = Debug|x86
		{8FF318BC-ACCA-4787-AE40-687EC5059613}.Debug|x86.Build.0 = Debug|x86
		{8FF318BC-ACCA-4787-AE40-687EC5059613}.Debug|x86.Deploy.0 = Debug|x86
		{8FF318BC-ACCA-4787-AE40-687EC5059613}.Release|ARM64.ActiveCfg = Release|ARM64
		{8FF318BC-ACCA-4787-AE40-687EC5059613}.Release|ARM64.Build.0 = Release|ARM64
		{8FF318BC-ACCA-4787-AE40-687EC5059613}.Release|ARM64.Deploy.0 = Release|ARM64
		{8FF318BC-ACCA-4787-AE40-687EC5059613}.Release|x64.ActiveCfg = Release|x64
		{8FF318BC-ACCA-4787-AE40-687EC5059613}.Release|x64.Build.0 = Release|x64
		{8FF318BC-ACCA-4787-AE40-687EC5059613}.Release|x64.Deploy.0 = Release|x64
		{8FF318BC-ACCA-4787-AE40-687EC5059613}.Release|x86.ActiveCfg = Release|x86
		{8FF318BC-ACCA-4787-AE40-687EC5059613}.Release|x86.Build.0 = Release|x86
		{8FF318BC-ACCA-4787-AE40-687EC5059613}.Release|x86.Deploy.0 = Release|x86
		{051B5587-2092-4EC6-8B10-E35D01C2E2EC}.Debug|ARM64.ActiveCfg = Debug|ARM64
		{051B5587-2092-4EC6-8B10-E35D01C2E2EC}.Debug|ARM64.Build.0 = Debug|ARM64
		{051B5587-2092-4EC6-8B10-E35D01C2E2EC}.Debug|ARM64.Deploy.0 = Debug|ARM64
		{051B5587-2092-4EC6-8B10-E35D01C2E2EC}.Debug|x64.ActiveCfg = Debug|x64
		{051B5587-2092-4EC6-8B10-E35D01C2E2EC}.Debug|x64.Build.0 = Debug|x64
		{051B5587-2092-4EC6-8B10-E35D01C2E2EC}.Debug|x64.Deploy.0 = Debug|x64
		{051B5587-2092-4EC6-8B10-E35D01C2E2EC}.Debug|x86.ActiveCfg = Debug|Win32
		{051B5587-2092-4EC6-8B10-E35D01C2E2EC}.Debug|x86.Build.0 = Debug|Win32
		{051B5587-2092-4EC6-8B10-E35D01C2E2EC}.Debug|x86.Deploy.0 = Debug|Win32
		{051B5587-2092-4EC6-8B10-E35D01C2E2EC}.Release|ARM64.ActiveCfg = Release|ARM64
		{051B5587-2092-4EC6-8B10-E35D01C2E2EC}.Release|ARM64.Build.0 = Release|ARM64
		{051B5587-2092-4EC6-8B10-E35D01C2E2EC}.Release|ARM64.Deploy.0 = Release|ARM64
		{051B5587-2092-4EC6-8B10-E35D01C2E2EC}.Release|x64.ActiveCfg = Release|x64
		{051B5587-2092-4EC6-8B10-E35D01C2E2EC}.Release|x64.Build.0 = Release|x64
		{051B5587-2092-4EC6-8B10-E35D01C2E2EC}.Release|x64.Deploy.0 = Release|x64
		{051B5587-2092-4EC6-8B10-E35D01C2E2EC}.Release|x86.ActiveCfg = Release|Win32
		{051B5587-2092-4EC6-8B10-E35D01C2E2EC}.Release|x86.Build.0 = Release|Win32
		{051B5587-2092-4EC6-8B10-E35D01C2E2EC}.Release|x86.Deploy.0 = Release|Win32
	EndGlobalSection
	GlobalSection(SolutionProperties) = preSolution
		HideSolutionNode = FALSE
	EndGlobalSection
	GlobalSection(ExtensibilityGlobals) = postSolution
		SolutionGuid = {D52B3631-D07E-4C85-BE74-59E54B8F2915}
	EndGlobalSection
EndGlobal
