
Microsoft Visual Studio Solution File, Format Version 12.00
# Visual Studio 2013
VisualStudioVersion = 12.0.31101.0
MinimumVisualStudioVersion = 10.0.40219.1
Project("{FAE04EC0-301F-11D3-BF4B-00C04F79EFBC}") = "SimpleSample.Windows", "SimpleSample.Windows\SimpleSample.Windows.csproj", "{36835E90-6663-40C5-B15E-DE8F3FC27155}"
EndProject
Project("{D954291E-2A0B-460D-934E-DC6B0785DB48}") = "SimpleSample.Shared", "SimpleSample.Shared\SimpleSample.Shared.shproj", "{631F6A23-BFF0-44BF-BF3A-19D65AC62A52}"
EndProject
Project("{FAE04EC0-301F-11D3-BF4B-00C04F79EFBC}") = "SimpleSample.WindowsPhone", "SimpleSample.WindowsPhone\SimpleSample.WindowsPhone.csproj", "{C0A77170-9650-4E0B-BBEA-8D1B924EBBA2}"
EndProject
Global
	GlobalSection(SharedMSBuildProjectFiles) = preSolution
		SimpleSample.Shared\SimpleSample.Shared.projitems*{36835e90-6663-40c5-b15e-de8f3fc27155}*SharedItemsImports = 4
		SimpleSample.Shared\SimpleSample.Shared.projitems*{631f6a23-bff0-44bf-bf3a-19d65ac62a52}*SharedItemsImports = 13
		SimpleSample.Shared\SimpleSample.Shared.projitems*{c0a77170-9650-4e0b-bbea-8d1b924ebba2}*SharedItemsImports = 4
	EndGlobalSection
	GlobalSection(SolutionConfigurationPlatforms) = preSolution
		Debug|ARM = Debug|ARM
		Debug|x64 = Debug|x64
		Debug|Win32 = Debug|Win32
		Release|ARM = Release|ARM
		Release|x64 = Release|x64
		Release|Win32 = Release|Win32
	EndGlobalSection
	GlobalSection(ProjectConfigurationPlatforms) = postSolution
		{36835E90-6663-40C5-B15E-DE8F3FC27155}.Debug|ARM.ActiveCfg = Debug|ARM
		{36835E90-6663-40C5-B15E-DE8F3FC27155}.Debug|ARM.Build.0 = Debug|ARM
		{36835E90-6663-40C5-B15E-DE8F3FC27155}.Debug|ARM.Deploy.0 = Debug|ARM
		{36835E90-6663-40C5-B15E-DE8F3FC27155}.Debug|x64.ActiveCfg = Debug|x64
		{36835E90-6663-40C5-B15E-DE8F3FC27155}.Debug|x64.Build.0 = Debug|x64
		{36835E90-6663-40C5-B15E-DE8F3FC27155}.Debug|x64.Deploy.0 = Debug|x64
		{36835E90-6663-40C5-B15E-DE8F3FC27155}.Debug|Win32.ActiveCfg = Debug|Win32
		{36835E90-6663-40C5-B15E-DE8F3FC27155}.Debug|Win32.Build.0 = Debug|Win32
		{36835E90-6663-40C5-B15E-DE8F3FC27155}.Debug|Win32.Deploy.0 = Debug|Win32
		{36835E90-6663-40C5-B15E-DE8F3FC27155}.Release|ARM.ActiveCfg = Release|ARM
		{36835E90-6663-40C5-B15E-DE8F3FC27155}.Release|ARM.Build.0 = Release|ARM
		{36835E90-6663-40C5-B15E-DE8F3FC27155}.Release|ARM.Deploy.0 = Release|ARM
		{36835E90-6663-40C5-B15E-DE8F3FC27155}.Release|x64.ActiveCfg = Release|x64
		{36835E90-6663-40C5-B15E-DE8F3FC27155}.Release|x64.Build.0 = Release|x64
		{36835E90-6663-40C5-B15E-DE8F3FC27155}.Release|x64.Deploy.0 = Release|x64
		{36835E90-6663-40C5-B15E-DE8F3FC27155}.Release|Win32.ActiveCfg = Release|Win32
		{36835E90-6663-40C5-B15E-DE8F3FC27155}.Release|Win32.Build.0 = Release|Win32
		{36835E90-6663-40C5-B15E-DE8F3FC27155}.Release|Win32.Deploy.0 = Release|Win32
		{C0A77170-9650-4E0B-BBEA-8D1B924EBBA2}.Debug|ARM.ActiveCfg = Debug|ARM
		{C0A77170-9650-4E0B-BBEA-8D1B924EBBA2}.Debug|ARM.Build.0 = Debug|ARM
		{C0A77170-9650-4E0B-BBEA-8D1B924EBBA2}.Debug|ARM.Deploy.0 = Debug|ARM
		{C0A77170-9650-4E0B-BBEA-8D1B924EBBA2}.Debug|x64.ActiveCfg = Debug|Win32
		{C0A77170-9650-4E0B-BBEA-8D1B924EBBA2}.Debug|Win32.ActiveCfg = Debug|Win32
		{C0A77170-9650-4E0B-BBEA-8D1B924EBBA2}.Debug|Win32.Build.0 = Debug|Win32
		{C0A77170-9650-4E0B-BBEA-8D1B924EBBA2}.Debug|Win32.Deploy.0 = Debug|Win32
		{C0A77170-9650-4E0B-BBEA-8D1B924EBBA2}.Release|ARM.ActiveCfg = Release|ARM
		{C0A77170-9650-4E0B-BBEA-8D1B924EBBA2}.Release|ARM.Build.0 = Release|ARM
		{C0A77170-9650-4E0B-BBEA-8D1B924EBBA2}.Release|ARM.Deploy.0 = Release|ARM
		{C0A77170-9650-4E0B-BBEA-8D1B924EBBA2}.Release|x64.ActiveCfg = Release|Win32
		{C0A77170-9650-4E0B-BBEA-8D1B924EBBA2}.Release|Win32.ActiveCfg = Release|Win32
		{C0A77170-9650-4E0B-BBEA-8D1B924EBBA2}.Release|Win32.Build.0 = Release|Win32
		{C0A77170-9650-4E0B-BBEA-8D1B924EBBA2}.Release|Win32.Deploy.0 = Release|Win32
	EndGlobalSection
	GlobalSection(SolutionProperties) = preSolution
		HideSolutionNode = FALSE
	EndGlobalSection
EndGlobal
