
Microsoft Visual Studio Solution File, Format Version 12.00
# Visual Studio 14
VisualStudioVersion = 14.0.22823.1
MinimumVisualStudioVersion = 10.0.40219.1
Project("{FAE04EC0-301F-11D3-BF4B-00C04F79EFBC}") = "CoreWindowExample.uap", "UAP\CoreWindowExample.uap.csproj", "{3AA4FCFF-99F7-4746-957F-79303E9A8952}"
EndProject
Project("{D954291E-2A0B-460D-934E-DC6B0785DB48}") = "CoreWindowExample.Shared", "Shared\CoreWindowExample.Shared.shproj", "{FD83BF4B-D82C-463A-BE38-84F8B9374CCF}"
EndProject
Global
	GlobalSection(SharedMSBuildProjectFiles) = preSolution
		Shared\CoreWindowExample.Shared.projitems*{fd83bf4b-d82c-463a-be38-84f8b9374ccf}*SharedItemsImports = 13
		Shared\CoreWindowExample.Shared.projitems*{3aa4fcff-99f7-4746-957f-79303e9a8952}*SharedItemsImports = 4
	EndGlobalSection
	GlobalSection(SolutionConfigurationPlatforms) = preSolution
		Debug|ARM = Debug|ARM
		Debug|x64 = Debug|x64
		Debug|x86 = Debug|x86
		Release|ARM = Release|ARM
		Release|x64 = Release|x64
		Release|x86 = Release|x86
	EndGlobalSection
	GlobalSection(ProjectConfigurationPlatforms) = postSolution
		{3AA4FCFF-99F7-4746-957F-79303E9A8952}.Debug|ARM.ActiveCfg = Debug|ARM
		{3AA4FCFF-99F7-4746-957F-79303E9A8952}.Debug|ARM.Build.0 = Debug|ARM
		{3AA4FCFF-99F7-4746-957F-79303E9A8952}.Debug|ARM.Deploy.0 = Debug|ARM
		{3AA4FCFF-99F7-4746-957F-79303E9A8952}.Debug|x64.ActiveCfg = Debug|x64
		{3AA4FCFF-99F7-4746-957F-79303E9A8952}.Debug|x64.Build.0 = Debug|x64
		{3AA4FCFF-99F7-4746-957F-79303E9A8952}.Debug|x64.Deploy.0 = Debug|x64
		{3AA4FCFF-99F7-4746-957F-79303E9A8952}.Debug|x86.ActiveCfg = Debug|Win32
		{3AA4FCFF-99F7-4746-957F-79303E9A8952}.Debug|x86.Build.0 = Debug|Win32
		{3AA4FCFF-99F7-4746-957F-79303E9A8952}.Debug|x86.Deploy.0 = Debug|Win32
		{3AA4FCFF-99F7-4746-957F-79303E9A8952}.Release|ARM.ActiveCfg = Release|ARM
		{3AA4FCFF-99F7-4746-957F-79303E9A8952}.Release|ARM.Build.0 = Release|ARM
		{3AA4FCFF-99F7-4746-957F-79303E9A8952}.Release|ARM.Deploy.0 = Release|ARM
		{3AA4FCFF-99F7-4746-957F-79303E9A8952}.Release|x64.ActiveCfg = Release|x64
		{3AA4FCFF-99F7-4746-957F-79303E9A8952}.Release|x64.Build.0 = Release|x64
		{3AA4FCFF-99F7-4746-957F-79303E9A8952}.Release|x64.Deploy.0 = Release|x64
		{3AA4FCFF-99F7-4746-957F-79303E9A8952}.Release|x86.ActiveCfg = Release|Win32
		{3AA4FCFF-99F7-4746-957F-79303E9A8952}.Release|x86.Build.0 = Release|Win32
		{3AA4FCFF-99F7-4746-957F-79303E9A8952}.Release|x86.Deploy.0 = Release|Win32
	EndGlobalSection
	GlobalSection(SolutionProperties) = preSolution
		HideSolutionNode = FALSE
	EndGlobalSection
EndGlobal
